
Microsoft Visual Studio Solution File, Format Version 12.00
# Visual Studio Version 17
VisualStudioVersion = 17.12.35527.113
MinimumVisualStudioVersion = 10.0.40219.1
Project("{FAE04EC0-301F-11D3-BF4B-00C04F79EFBC}") = "StripeGateway.API", "StripeGateway.API\StripeGateway.API.csproj", "{26DDDA8B-9674-4D5C-994C-81C687CC8CF6}"
EndProject
Project("{FAE04EC0-301F-11D3-BF4B-00C04F79EFBC}") = "StripeMauiApp", "StripeMauiApp\StripeMauiApp.csproj", "{E4B4CB7F-B17D-4709-B205-C717CEE3DC36}"
EndProject
Global
	GlobalSection(SolutionConfigurationPlatforms) = preSolution
		Debug|Any CPU = Debug|Any CPU
		Release|Any CPU = Release|Any CPU
	EndGlobalSection
	GlobalSection(ProjectConfigurationPlatforms) = postSolution
		{26DDDA8B-9674-4D5C-994C-81C687CC8CF6}.Debug|Any CPU.ActiveCfg = Debug|Any CPU
		{26DDDA8B-9674-4D5C-994C-81C687CC8CF6}.Debug|Any CPU.Build.0 = Debug|Any CPU
		{26DDDA8B-9674-4D5C-994C-81C687CC8CF6}.Release|Any CPU.ActiveCfg = Release|Any CPU
		{26DDDA8B-9674-4D5C-994C-81C687CC8CF6}.Release|Any CPU.Build.0 = Release|Any CPU
		{E4B4CB7F-B17D-4709-B205-C717CEE3DC36}.Debug|Any CPU.ActiveCfg = Debug|Any CPU
		{E4B4CB7F-B17D-4709-B205-C717CEE3DC36}.Debug|Any CPU.Build.0 = Debug|Any CPU
		{E4B4CB7F-B17D-4709-B205-C717CEE3DC36}.Debug|Any CPU.Deploy.0 = Debug|Any CPU
		{E4B4CB7F-B17D-4709-B205-C717CEE3DC36}.Release|Any CPU.ActiveCfg = Release|Any CPU
		{E4B4CB7F-B17D-4709-B205-C717CEE3DC36}.Release|Any CPU.Build.0 = Release|Any CPU
		{E4B4CB7F-B17D-4709-B205-C717CEE3DC36}.Release|Any CPU.Deploy.0 = Release|Any CPU
	EndGlobalSection
	GlobalSection(SolutionProperties) = preSolution
		HideSolutionNode = FALSE
	EndGlobalSection
	GlobalSection(ExtensibilityGlobals) = postSolution
		SolutionGuid = {95448566-3C82-441C-9AF4-CA6A4B20AA09}
	EndGlobalSection
EndGlobal
